
Microsoft Visual Studio Solution File, Format Version 11.00
# Visual C++ Express 2010
Project("{8BC9CEB8-8B4A-11D0-8D11-00A0C91BC942}") = "TimeCost", "TimeCost\TimeCost.vcxproj", "{F0383367-34CC-4927-837D-6F4C569FFAF9}"
EndProject
Global
	GlobalSection(SolutionConfigurationPlatforms) = preSolution
		Debug|Win32 = Debug|Win32
		Release|Win32 = Release|Win32
	EndGlobalSection
	GlobalSection(ProjectConfigurationPlatforms) = postSolution
		{F0383367-34CC-4927-837D-6F4C569FFAF9}.Debug|Win32.ActiveCfg = Debug|Win32
		{F0383367-34CC-4927-837D-6F4C569FFAF9}.Debug|Win32.Build.0 = Debug|Win32
		{F0383367-34CC-4927-837D-6F4C569FFAF9}.Release|Win32.ActiveCfg = Release|Win32
		{F0383367-34CC-4927-837D-6F4C569FFAF9}.Release|Win32.Build.0 = Release|Win32
	EndGlobalSection
	GlobalSection(SolutionProperties) = preSolution
		HideSolutionNode = FALSE
	EndGlobalSection
EndGlobal
